
Microsoft Visual Studio Solution File, Format Version 12.00
# Visual Studio 15
VisualStudioVersion = 15.0.28010.2036
MinimumVisualStudioVersion = 10.0.40219.1
Project("{FAE04EC0-301F-11D3-BF4B-00C04F79EFBC}") = "Morgengry", "Morgengry\Morgengry.csproj", "{335346AF-5BA1-47DF-A53E-E316E0880555}"
EndProject
Project("{FAE04EC0-301F-11D3-BF4B-00C04F79EFBC}") = "Test", "Test\Test.csproj", "{39D935B6-7881-4841-8E9F-3DCB53235CA9}"
EndProject
Global
	GlobalSection(SolutionConfigurationPlatforms) = preSolution
		Debug|Any CPU = Debug|Any CPU
		Release|Any CPU = Release|Any CPU
	EndGlobalSection
	GlobalSection(ProjectConfigurationPlatforms) = postSolution
		{335346AF-5BA1-47DF-A53E-E316E0880555}.Debug|Any CPU.ActiveCfg = Debug|Any CPU
		{335346AF-5BA1-47DF-A53E-E316E0880555}.Debug|Any CPU.Build.0 = Debug|Any CPU
		{335346AF-5BA1-47DF-A53E-E316E0880555}.Release|Any CPU.ActiveCfg = Release|Any CPU
		{335346AF-5BA1-47DF-A53E-E316E0880555}.Release|Any CPU.Build.0 = Release|Any CPU
		{39D935B6-7881-4841-8E9F-3DCB53235CA9}.Debug|Any CPU.ActiveCfg = Debug|Any CPU
		{39D935B6-7881-4841-8E9F-3DCB53235CA9}.Debug|Any CPU.Build.0 = Debug|Any CPU
		{39D935B6-7881-4841-8E9F-3DCB53235CA9}.Release|Any CPU.ActiveCfg = Release|Any CPU
		{39D935B6-7881-4841-8E9F-3DCB53235CA9}.Release|Any CPU.Build.0 = Release|Any CPU
	EndGlobalSection
	GlobalSection(SolutionProperties) = preSolution
		HideSolutionNode = FALSE
	EndGlobalSection
	GlobalSection(ExtensibilityGlobals) = postSolution
		SolutionGuid = {5AF9DF33-77E4-4248-9E50-3E21D25289E0}
	EndGlobalSection
EndGlobal
